// !$*UTF8*$!
{
	archiveVersion = 1;
	classes = {
	};
	objectVersion = 50;
	objects = {

/* Begin PBXBuildFile section */
		49AE5DE0247652FF00139E2E /* AppDelegate.swift in Sources */ = {isa = PBXBuildFile; fileRef = 49AE5DDF247652FF00139E2E /* AppDelegate.swift */; };
		49AE5DE2247652FF00139E2E /* SceneDelegate.swift in Sources */ = {isa = PBXBuildFile; fileRef = 49AE5DE1247652FF00139E2E /* SceneDelegate.swift */; };
		49AE5DE4247652FF00139E2E /* ViewController.swift in Sources */ = {isa = PBXBuildFile; fileRef = 49AE5DE3247652FF00139E2E /* ViewController.swift */; };
		49AE5DE7247652FF00139E2E /* Main.storyboard in Resources */ = {isa = PBXBuildFile; fileRef = 49AE5DE5247652FF00139E2E /* Main.storyboard */; };
		49AE5DE92476530300139E2E /* Assets.xcassets in Resources */ = {isa = PBXBuildFile; fileRef = 49AE5DE82476530300139E2E /* Assets.xcassets */; };
		49AE5DEC2476530300139E2E /* LaunchScreen.storyboard in Resources */ = {isa = PBXBuildFile; fileRef = 49AE5DEA2476530300139E2E /* LaunchScreen.storyboard */; };
		49AE5DF52476543A00139E2E /* TabBarView.swift in Sources */ = {isa = PBXBuildFile; fileRef = 49AE5DF32476543A00139E2E /* TabBarView.swift */; };
		49AE5DF72476591A00139E2E /* Extension.swift in Sources */ = {isa = PBXBuildFile; fileRef = 49AE5DF62476591A00139E2E /* Extension.swift */; };
/* End PBXBuildFile section */

/* Begin PBXFileReference section */
		49AE5DDC247652FF00139E2E /* TabbarTutorial.app */ = {isa = PBXFileReference; explicitFileType = wrapper.application; includeInIndex = 0; path = TabbarTutorial.app; sourceTree = BUILT_PRODUCTS_DIR; };
		49AE5DDF247652FF00139E2E /* AppDelegate.swift */ = {isa = PBXFileReference; lastKnownFileType = sourcecode.swift; path = AppDelegate.swift; sourceTree = "<group>"; };
		49AE5DE1247652FF00139E2E /* SceneDelegate.swift */ = {isa = PBXFileReference; lastKnownFileType = sourcecode.swift; path = SceneDelegate.swift; sourceTree = "<group>"; };
		49AE5DE3247652FF00139E2E /* ViewController.swift */ = {isa = PBXFileReference; lastKnownFileType = sourcecode.swift; path = ViewController.swift; sourceTree = "<group>"; };
		49AE5DE6247652FF00139E2E /* Base */ = {isa = PBXFileReference; lastKnownFileType = file.storyboard; name = Base; path = Base.lproj/Main.storyboard; sourceTree = "<group>"; };
		49AE5DE82476530300139E2E /* Assets.xcassets */ = {isa = PBXFileReference; lastKnownFileType = folder.assetcatalog; path = Assets.xcassets; sourceTree = "<group>"; };
		49AE5DEB2476530300139E2E /* Base */ = {isa = PBXFileReference; lastKnownFileType = file.storyboard; name = Base; path = Base.lproj/LaunchScreen.storyboard; sourceTree = "<group>"; };
		49AE5DED2476530300139E2E /* Info.plist */ = {isa = PBXFileReference; lastKnownFileType = text.plist.xml; path = Info.plist; sourceTree = "<group>"; };
		49AE5DF32476543A00139E2E /* TabBarView.swift */ = {isa = PBXFileReference; lastKnownFileType = sourcecode.swift; path = TabBarView.swift; sourceTree = "<group>"; };
		49AE5DF42476543A00139E2E /* TabBarView.xib */ = {isa = PBXFileReference; lastKnownFileType = file.xib; path = TabBarView.xib; sourceTree = "<group>"; };
		49AE5DF62476591A00139E2E /* Extension.swift */ = {isa = PBXFileReference; lastKnownFileType = sourcecode.swift; path = Extension.swift; sourceTree = "<group>"; };
/* End PBXFileReference section */

/* Begin PBXFrameworksBuildPhase section */
		49AE5DD9247652FF00139E2E /* Frameworks */ = {
			isa = PBXFrameworksBuildPhase;
			buildActionMask = 2147483647;
			files = (
			);
			runOnlyForDeploymentPostprocessing = 0;
		};
/* End PBXFrameworksBuildPhase section */

/* Begin PBXGroup section */
		49AE5DD3247652FF00139E2E = {
			isa = PBXGroup;
			children = (
				49AE5DDE247652FF00139E2E /* TabbarTutorial */,
				49AE5DDD247652FF00139E2E /* Products */,
			);
			sourceTree = "<group>";
		};
		49AE5DDD247652FF00139E2E /* Products */ = {
			isa = PBXGroup;
			children = (
				49AE5DDC247652FF00139E2E /* TabbarTutorial.app */,
			);
			name = Products;
			sourceTree = "<group>";
		};
		49AE5DDE247652FF00139E2E /* TabbarTutorial */ = {
			isa = PBXGroup;
			children = (
				49AE5DDF247652FF00139E2E /* AppDelegate.swift */,
				49AE5DE1247652FF00139E2E /* SceneDelegate.swift */,
				49AE5DF62476591A00139E2E /* Extension.swift */,
				49AE5DE3247652FF00139E2E /* ViewController.swift */,
				49AE5DF32476543A00139E2E /* TabBarView.swift */,
				49AE5DF42476543A00139E2E /* TabBarView.xib */,
				49AE5DE5247652FF00139E2E /* Main.storyboard */,
				49AE5DE82476530300139E2E /* Assets.xcassets */,
				49AE5DEA2476530300139E2E /* LaunchScreen.storyboard */,
				49AE5DED2476530300139E2E /* Info.plist */,
			);
			path = TabbarTutorial;
			sourceTree = "<group>";
		};
/* End PBXGroup section */

/* Begin PBXNativeTarget section */
		49AE5DDB247652FF00139E2E /* TabbarTutorial */ = {
			isa = PBXNativeTarget;
			buildConfigurationList = 49AE5DF02476530300139E2E /* Build configuration list for PBXNativeTarget "TabbarTutorial" */;
			buildPhases = (
				49AE5DD8247652FF00139E2E /* Sources */,
				49AE5DD9247652FF00139E2E /* Frameworks */,
				49AE5DDA247652FF00139E2E /* Resources */,
			);
			buildRules = (
			);
			dependencies = (
			);
			name = TabbarTutorial;
			productName = TabbarTutorial;
			productReference = 49AE5DDC247652FF00139E2E /* TabbarTutorial.app */;
			productType = "com.apple.product-type.application";
		};
/* End PBXNativeTarget section */

/* Begin PBXProject section */
		49AE5DD4247652FF00139E2E /* Project object */ = {
			isa = PBXProject;
			attributes = {
				LastSwiftUpdateCheck = 1130;
				LastUpgradeCheck = 1130;
				ORGANIZATIONNAME = "Syed Qasim";
				TargetAttributes = {
					49AE5DDB247652FF00139E2E = {
						CreatedOnToolsVersion = 11.3;
					};
				};
			};
			buildConfigurationList = 49AE5DD7247652FF00139E2E /* Build configuration list for PBXProject "TabbarTutorial" */;
			compatibilityVersion = "Xcode 9.3";
			developmentRegion = en;
			hasScannedForEncodings = 0;
			knownRegions = (
				en,
				Base,
			);
			mainGroup = 49AE5DD3247652FF00139E2E;
			productRefGroup = 49AE5DDD247652FF00139E2E /* Products */;
			projectDirPath = "";
			projectRoot = "";
			targets = (
				49AE5DDB247652FF00139E2E /* TabbarTutorial */,
			);
		};
/* End PBXProject section */

/* Begin PBXResourcesBuildPhase section */
		49AE5DDA247652FF00139E2E /* Resources */ = {
			isa = PBXResourcesBuildPhase;
			buildActionMask = 2147483647;
			files = (
				49AE5DEC2476530300139E2E /* LaunchScreen.storyboard in Resources */,
				49AE5DE92476530300139E2E /* Assets.xcassets in Resources */,
				49AE5DE7247652FF00139E2E /* Main.storyboard in Resources */,
			);
			runOnlyForDeploymentPostprocessing = 0;
		};
/* End PBXResourcesBuildPhase section */

/* Begin PBXSourcesBuildPhase section */
		49AE5DD8247652FF00139E2E /* Sources */ = {
			isa = PBXSourcesBuildPhase;
			buildActionMask = 2147483647;
			files = (
				49AE5DF72476591A00139E2E /* Extension.swift in Sources */,
				49AE5DE4247652FF00139E2E /* ViewController.swift in Sources */,
				49AE5DE0247652FF00139E2E /* AppDelegate.swift in Sources */,
				49AE5DF52476543A00139E2E /* TabBarView.swift in Sources */,
				49AE5DE2247652FF00139E2E /* SceneDelegate.swift in Sources */,
			);
			runOnlyForDeploymentPostprocessing = 0;
		};
/* End PBXSourcesBuildPhase section */

/* Begin PBXVariantGroup section */
		49AE5DE5247652FF00139E2E /* Main.storyboard */ = {
			isa = PBXVariantGroup;
			children = (
				49AE5DE6247652FF00139E2E /* Base */,
			);
			name = Main.storyboard;
			sourceTree = "<group>";
		};
		49AE5DEA2476530300139E2E /* LaunchScreen.storyboard */ = {
			isa = PBXVariantGroup;
			children = (
				49AE5DEB2476530300139E2E /* Base */,
			);
			name = LaunchScreen.storyboard;
			sourceTree = "<group>";
		};
/* End PBXVariantGroup section */

/* Begin XCBuildConfiguration section */
		49AE5DEE2476530300139E2E /* Debug */ = {
			isa = XCBuildConfiguration;
			buildSettings = {
				ALWAYS_SEARCH_USER_PATHS = NO;
				CLANG_ANALYZER_NONNULL = YES;
				CLANG_ANALYZER_NUMBER_OBJECT_CONVERSION = YES_AGGRESSIVE;
				CLANG_CXX_LANGUAGE_STANDARD = "gnu++14";
				CLANG_CXX_LIBRARY = "libc++";
				CLANG_ENABLE_MODULES = YES;
				CLANG_ENABLE_OBJC_ARC = YES;
				CLANG_ENABLE_OBJC_WEAK = YES;
				CLANG_WARN_BLOCK_CAPTURE_AUTORELEASING = YES;
				CLANG_WARN_BOOL_CONVERSION = YES;
				CLANG_WARN_COMMA = YES;
				CLANG_WARN_CONSTANT_CONVERSION = YES;
				CLANG_WARN_DEPRECATED_OBJC_IMPLEMENTATIONS = YES;
				CLANG_WARN_DIRECT_OBJC_ISA_USAGE = YES_ERROR;
				CLANG_WARN_DOCUMENTATION_COMMENTS = YES;
				CLANG_WARN_EMPTY_BODY = YES;
				CLANG_WARN_ENUM_CONVERSION = YES;
				CLANG_WARN_INFINITE_RECURSION = YES;
				CLANG_WARN_INT_CONVERSION = YES;
				CLANG_WARN_NON_LITERAL_NULL_CONVERSION = YES;
				CLANG_WARN_OBJC_IMPLICIT_RETAIN_SELF = YES;
				CLANG_WARN_OBJC_LITERAL_CONVERSION = YES;
				CLANG_WARN_OBJC_ROOT_CLASS = YES_ERROR;
				CLANG_WARN_RANGE_LOOP_ANALYSIS = YES;
				CLANG_WARN_STRICT_PROTOTYPES = YES;
				CLANG_WARN_SUSPICIOUS_MOVE = YES;
				CLANG_WARN_UNGUARDED_AVAILABILITY = YES_AGGRESSIVE;
				CLANG_WARN_UNREACHABLE_CODE = YES;
				CLANG_WARN__DUPLICATE_METHOD_MATCH = YES;
				COPY_PHASE_STRIP = NO;
				DEBUG_INFORMATION_FORMAT = dwarf;
				ENABLE_STRICT_OBJC_MSGSEND = YES;
				ENABLE_TESTABILITY = YES;
				GCC_C_LANGUAGE_STANDARD = gnu11;
				GCC_DYNAMIC_NO_PIC = NO;
				GCC_NO_COMMON_BLOCKS = YES;
				GCC_OPTIMIZATION_LEVEL = 0;
				GCC_PREPROCESSOR_DEFINITIONS = (
					"DEBUG=1",
					"$(inherited)",
				);
				GCC_WARN_64_TO_32_BIT_CONVERSION = YES;
				GCC_WARN_ABOUT_RETURN_TYPE = YES_ERROR;
				GCC_WARN_UNDECLARED_SELECTOR = YES;
				GCC_WARN_UNINITIALIZED_AUTOS = YES_AGGRESSIVE;
				GCC_WARN_UNUSED_FUNCTION = YES;
				GCC_WARN_UNUSED_VARIABLE = YES;
				IPHONEOS_DEPLOYMENT_TARGET = 13.2;
				MTL_ENABLE_DEBUG_INFO = INCLUDE_SOURCE;
				MTL_FAST_MATH = YES;
				ONLY_ACTIVE_ARCH = YES;
				SDKROOT = iphoneos;
				SWIFT_ACTIVE_COMPILATION_CONDITIONS = DEBUG;
				SWIFT_OPTIMIZATION_LEVEL = "-Onone";
			};
			name = Debug;
		};
		49AE5DEF2476530300139E2E /* Release */ = {
			isa = XCBuildConfiguration;
			buildSettings = {
				ALWAYS_SEARCH_USER_PATHS = NO;
				CLANG_ANALYZER_NONNULL = YES;
				CLANG_ANALYZER_NUMBER_OBJECT_CONVERSION = YES_AGGRESSIVE;
				CLANG_CXX_LANGUAGE_STANDARD = "gnu++14";
				CLANG_CXX_LIBRARY = "libc++";
				CLANG_ENABLE_MODULES = YES;
				CLANG_ENABLE_OBJC_ARC = YES;
				CLANG_ENABLE_OBJC_WEAK = YES;
				CLANG_WARN_BLOCK_CAPTURE_AUTORELEASING = YES;
				CLANG_WARN_BOOL_CONVERSION = YES;
				CLANG_WARN_COMMA = YES;
				CLANG_WARN_CONSTANT_CONVERSION = YES;
				CLANG_WARN_DEPRECATED_OBJC_IMPLEMENTATIONS = YES;
				CLANG_WARN_DIRECT_OBJC_ISA_USAGE = YES_ERROR;
				CLANG_WARN_DOCUMENTATION_COMMENTS = YES;
				CLANG_WARN_EMPTY_BODY = YES;
				CLANG_WARN_ENUM_CONVERSION = YES;
				CLANG_WARN_INFINITE_RECURSION = YES;
				CLANG_WARN_INT_CONVERSION = YES;
				CLANG_WARN_NON_LITERAL_NULL_CONVERSION = YES;
				CLANG_WARN_OBJC_IMPLICIT_RETAIN_SELF = YES;
				CLANG_WARN_OBJC_LITERAL_CONVERSION = YES;
				CLANG_WARN_OBJC_ROOT_CLASS = YES_ERROR;
				CLANG_WARN_RANGE_LOOP_ANALYSIS = YES;
				CLANG_WARN_STRICT_PROTOTYPES = YES;
				CLANG_WARN_SUSPICIOUS_MOVE = YES;
				CLANG_WARN_UNGUARDED_AVAILABILITY = YES_AGGRESSIVE;
				CLANG_WARN_UNREACHABLE_CODE = YES;
				CLANG_WARN__DUPLICATE_METHOD_MATCH = YES;
				COPY_PHASE_STRIP = NO;
				DEBUG_INFORMATION_FORMAT = "dwarf-with-dsym";
				ENABLE_NS_ASSERTIONS = NO;
				ENABLE_STRICT_OBJC_MSGSEND = YES;
				GCC_C_LANGUAGE_STANDARD = gnu11;
				GCC_NO_COMMON_BLOCKS = YES;
				GCC_WARN_64_TO_32_BIT_CONVERSION = YES;
				GCC_WARN_ABOUT_RETURN_TYPE = YES_ERROR;
				GCC_WARN_UNDECLARED_SELECTOR = YES;
				GCC_WARN_UNINITIALIZED_AUTOS = YES_AGGRESSIVE;
				GCC_WARN_UNUSED_FUNCTION = YES;
				GCC_WARN_UNUSED_VARIABLE = YES;
				IPHONEOS_DEPLOYMENT_TARGET = 13.2;
				MTL_ENABLE_DEBUG_INFO = NO;
				MTL_FAST_MATH = YES;
				SDKROOT = iphoneos;
				SWIFT_COMPILATION_MODE = wholemodule;
				SWIFT_OPTIMIZATION_LEVEL = "-O";
				VALIDATE_PRODUCT = YES;
			};
			name = Release;
		};
		49AE5DF12476530300139E2E /* Debug */ = {
			isa = XCBuildConfiguration;
			buildSettings = {
				ASSETCATALOG_COMPILER_APPICON_NAME = AppIcon;
				CODE_SIGN_STYLE = Automatic;
				DEVELOPMENT_TEAM = A67LZ699VR;
				INFOPLIST_FILE = TabbarTutorial/Info.plist;
				LD_RUNPATH_SEARCH_PATHS = (
					"$(inherited)",
					"@executable_path/Frameworks",
				);
				PRODUCT_BUNDLE_IDENTIFIER = com.tabbar.TabbarTutorial;
				PRODUCT_NAME = "$(TARGET_NAME)";
				SWIFT_VERSION = 5.0;
				TARGETED_DEVICE_FAMILY = "1,2";
			};
			name = Debug;
		};
		49AE5DF22476530300139E2E /* Release */ = {
			isa = XCBuildConfiguration;
			buildSettings = {
				ASSETCATALOG_COMPILER_APPICON_NAME = AppIcon;
				CODE_SIGN_STYLE = Automatic;
				DEVELOPMENT_TEAM = A67LZ699VR;
				INFOPLIST_FILE = TabbarTutorial/Info.plist;
				LD_RUNPATH_SEARCH_PATHS = (
					"$(inherited)",
					"@executable_path/Frameworks",
				);
				PRODUCT_BUNDLE_IDENTIFIER = com.tabbar.TabbarTutorial;
				PRODUCT_NAME = "$(TARGET_NAME)";
				SWIFT_VERSION = 5.0;
				TARGETED_DEVICE_FAMILY = "1,2";
			};
			name = Release;
		};
/* End XCBuildConfiguration section */

/* Begin XCConfigurationList section */
		49AE5DD7247652FF00139E2E /* Build configuration list for PBXProject "TabbarTutorial" */ = {
			isa = XCConfigurationList;
			buildConfigurations = (
				49AE5DEE2476530300139E2E /* Debug */,
				49AE5DEF2476530300139E2E /* Release */,
			);
			defaultConfigurationIsVisible = 0;
			defaultConfigurationName = Release;
		};
		49AE5DF02476530300139E2E /* Build configuration list for PBXNativeTarget "TabbarTutorial" */ = {
			isa = XCConfigurationList;
			buildConfigurations = (
				49AE5DF12476530300139E2E /* Debug */,
				49AE5DF22476530300139E2E /* Release */,
			);
			defaultConfigurationIsVisible = 0;
			defaultConfigurationName = Release;
		};
/* End XCConfigurationList section */
	};
	rootObject = 49AE5DD4247652FF00139E2E /* Project object */;
}
